Microsoft Visual Studio Solution File, Format Version 12.00
# Visual Studio 15
VisualStudioVersion = 15.0.26020.0
MinimumVisualStudioVersion = 10.0.40219.1
Project("{2150E333-8FDC-42A3-9474-1A3956D46DE8}") = "src", "src", "{A8A1A4EE-E04A-43AB-90C9-41E7B82EE1E5}"
EndProject
Project("{2150E333-8FDC-42A3-9474-1A3956D46DE8}") = "misc", "misc", "{1FE0D431-A761-4239-B2D6-D32C70723FD2}"
	ProjectSection(SolutionItems) = preProject
		Directory.build.project.props = Directory.build.project.props
		Directory.build.props = Directory.build.props
		Directory.build.shared.explicit.props = Directory.build.shared.explicit.props
		Directory.build.shared.implicit.props = Directory.build.shared.implicit.props
		Directory.build.shared.mat.props = Directory.build.shared.mat.props
		Directory.build.targets = Directory.build.targets
		GlobalSuppressions.cs = GlobalSuppressions.cs
		nuget.config = nuget.config
		Orc.Extensibility.sln.DotSettings = Orc.Extensibility.sln.DotSettings
		SolutionAssemblyInfo.cs = SolutionAssemblyInfo.cs
	EndProjectSection
EndProject
Project("{2150E333-8FDC-42A3-9474-1A3956D46DE8}") = "Core", "Core", "{0787DFC6-AB24-4D00-A8A4-FF203DC7D080}"
EndProject
Project("{2150E333-8FDC-42A3-9474-1A3956D46DE8}") = "Tests", "Tests", "{D3EA1078-BF3D-4709-871C-AAFF70B95045}"
EndProject
Project("{2150E333-8FDC-42A3-9474-1A3956D46DE8}") = "Example", "Example", "{672BFA2E-9F93-496F-B188-40579FB5D301}"
EndProject
Project("{2150E333-8FDC-42A3-9474-1A3956D46DE8}") = "Api", "Api", "{614F1B54-27D3-4436-B23E-9DFEFC7AC357}"
EndProject
Project("{2150E333-8FDC-42A3-9474-1A3956D46DE8}") = "Extensions", "Extensions", "{454CB3AB-EFAA-44C9-978C-2FD7D22BED55}"
EndProject
Project("{9A19103F-16F7-4668-BE54-9A1E7A4F7556}") = "Orc.Extensibility", "Orc.Extensibility\Orc.Extensibility.csproj", "{7D96E1DF-F20C-48CB-8E07-FD0800C4BC66}"
EndProject
Project("{9A19103F-16F7-4668-BE54-9A1E7A4F7556}") = "Orc.Extensibility.Example.Api", "Orc.Extensibility.Example.Api\Orc.Extensibility.Example.Api.csproj", "{480F0F56-6FDC-4510-B942-27743211C8C8}"
EndProject
Project("{9A19103F-16F7-4668-BE54-9A1E7A4F7556}") = "Orc.Extensibility.Example.ExtensionA", "Orc.Extensibility.Example.ExtensionA\Orc.Extensibility.Example.ExtensionA.csproj", "{BFD437B7-023E-49EE-A678-0A3E494EE294}"
EndProject
Project("{9A19103F-16F7-4668-BE54-9A1E7A4F7556}") = "Orc.Extensibility.Example.ExtensionB", "Orc.Extensibility.Example.ExtensionB\Orc.Extensibility.Example.ExtensionB.csproj", "{2047E24D-38F7-4030-B277-6558BCA029E0}"
EndProject
Project("{9A19103F-16F7-4668-BE54-9A1E7A4F7556}") = "Orc.Extensibility.Example", "Orc.Extensibility.Example\Orc.Extensibility.Example.csproj", "{0FD582FC-2B1F-4164-80D7-B8AC7E715866}"
EndProject
Project("{9A19103F-16F7-4668-BE54-9A1E7A4F7556}") = "Orc.Extensibility.Tests", "Orc.Extensibility.Tests.NET\Orc.Extensibility.Tests.csproj", "{CCE14565-8C4F-4A2E-88FE-94CD6E4B0918}"
EndProject
Global
	GlobalSection(SolutionConfigurationPlatforms) = preSolution
		Debug|Any CPU = Debug|Any CPU
		Release|Any CPU = Release|Any CPU
	EndGlobalSection
	GlobalSection(ProjectConfigurationPlatforms) = postSolution
		{7D96E1DF-F20C-48CB-8E07-FD0800C4BC66}.Debug|Any CPU.ActiveCfg = Debug|Any CPU
		{7D96E1DF-F20C-48CB-8E07-FD0800C4BC66}.Debug|Any CPU.Build.0 = Debug|Any CPU
		{7D96E1DF-F20C-48CB-8E07-FD0800C4BC66}.Release|Any CPU.ActiveCfg = Release|Any CPU
		{7D96E1DF-F20C-48CB-8E07-FD0800C4BC66}.Release|Any CPU.Build.0 = Release|Any CPU
		{480F0F56-6FDC-4510-B942-27743211C8C8}.Debug|Any CPU.ActiveCfg = Debug|Any CPU
		{480F0F56-6FDC-4510-B942-27743211C8C8}.Debug|Any CPU.Build.0 = Debug|Any CPU
		{480F0F56-6FDC-4510-B942-27743211C8C8}.Release|Any CPU.ActiveCfg = Release|Any CPU
		{480F0F56-6FDC-4510-B942-27743211C8C8}.Release|Any CPU.Build.0 = Release|Any CPU
		{BFD437B7-023E-49EE-A678-0A3E494EE294}.Debug|Any CPU.ActiveCfg = Debug|Any CPU
		{BFD437B7-023E-49EE-A678-0A3E494EE294}.Debug|Any CPU.Build.0 = Debug|Any CPU
		{BFD437B7-023E-49EE-A678-0A3E494EE294}.Release|Any CPU.ActiveCfg = Release|Any CPU
		{BFD437B7-023E-49EE-A678-0A3E494EE294}.Release|Any CPU.Build.0 = Release|Any CPU
		{2047E24D-38F7-4030-B277-6558BCA029E0}.Debug|Any CPU.ActiveCfg = Debug|Any CPU
		{2047E24D-38F7-4030-B277-6558BCA029E0}.Debug|Any CPU.Build.0 = Debug|Any CPU
		{2047E24D-38F7-4030-B277-6558BCA029E0}.Release|Any CPU.ActiveCfg = Release|Any CPU
		{2047E24D-38F7-4030-B277-6558BCA029E0}.Release|Any CPU.Build.0 = Release|Any CPU
		{0FD582FC-2B1F-4164-80D7-B8AC7E715866}.Debug|Any CPU.ActiveCfg = Debug|Any CPU
		{0FD582FC-2B1F-4164-80D7-B8AC7E715866}.Debug|Any CPU.Build.0 = Debug|Any CPU
		{0FD582FC-2B1F-4164-80D7-B8AC7E715866}.Release|Any CPU.ActiveCfg = Release|Any CPU
		{0FD582FC-2B1F-4164-80D7-B8AC7E715866}.Release|Any CPU.Build.0 = Release|Any CPU
		{CCE14565-8C4F-4A2E-88FE-94CD6E4B0918}.Debug|Any CPU.ActiveCfg = Debug|Any CPU
		{CCE14565-8C4F-4A2E-88FE-94CD6E4B0918}.Debug|Any CPU.Build.0 = Debug|Any CPU
		{CCE14565-8C4F-4A2E-88FE-94CD6E4B0918}.Release|Any CPU.ActiveCfg = Release|Any CPU
		{CCE14565-8C4F-4A2E-88FE-94CD6E4B0918}.Release|Any CPU.Build.0 = Release|Any CPU
	EndGlobalSection
	GlobalSection(SolutionProperties) = preSolution
		HideSolutionNode = FALSE
	EndGlobalSection
	GlobalSection(NestedProjects) = preSolution
		{0787DFC6-AB24-4D00-A8A4-FF203DC7D080} = {A8A1A4EE-E04A-43AB-90C9-41E7B82EE1E5}
		{D3EA1078-BF3D-4709-871C-AAFF70B95045} = {A8A1A4EE-E04A-43AB-90C9-41E7B82EE1E5}
		{672BFA2E-9F93-496F-B188-40579FB5D301} = {A8A1A4EE-E04A-43AB-90C9-41E7B82EE1E5}
		{614F1B54-27D3-4436-B23E-9DFEFC7AC357} = {672BFA2E-9F93-496F-B188-40579FB5D301}
		{454CB3AB-EFAA-44C9-978C-2FD7D22BED55} = {672BFA2E-9F93-496F-B188-40579FB5D301}
		{7D96E1DF-F20C-48CB-8E07-FD0800C4BC66} = {0787DFC6-AB24-4D00-A8A4-FF203DC7D080}
		{480F0F56-6FDC-4510-B942-27743211C8C8} = {614F1B54-27D3-4436-B23E-9DFEFC7AC357}
		{BFD437B7-023E-49EE-A678-0A3E494EE294} = {454CB3AB-EFAA-44C9-978C-2FD7D22BED55}
		{2047E24D-38F7-4030-B277-6558BCA029E0} = {454CB3AB-EFAA-44C9-978C-2FD7D22BED55}
		{0FD582FC-2B1F-4164-80D7-B8AC7E715866} = {672BFA2E-9F93-496F-B188-40579FB5D301}
		{CCE14565-8C4F-4A2E-88FE-94CD6E4B0918} = {D3EA1078-BF3D-4709-871C-AAFF70B95045}
	EndGlobalSection
	GlobalSection(ExtensibilityGlobals) = postSolution
		SolutionGuid = {7064B3E3-A0AF-4F0F-9733-BB2B7BB461DA}
	EndGlobalSection
EndGlobal
